
Microsoft Visual Studio Solution File, Format Version 12.00
# Visual Studio Version 16
VisualStudioVersion = 16.0.29418.71
MinimumVisualStudioVersion = 10.0.40219.1
Project("{FAE04EC0-301F-11D3-BF4B-00C04F79EFBC}") = "P03_SalesDatabase", "Sales\P03_SalesDatabase.csproj", "{75E2BE28-A440-4628-84A9-0C155B906AC2}"
EndProject
Global
	GlobalSection(SolutionConfigurationPlatforms) = preSolution
		Debug|Any CPU = Debug|Any CPU
		Release|Any CPU = Release|Any CPU
	EndGlobalSection
	GlobalSection(ProjectConfigurationPlatforms) = postSolution
		{75E2BE28-A440-4628-84A9-0C155B906AC2}.Debug|Any CPU.ActiveCfg = Debug|Any CPU
		{75E2BE28-A440-4628-84A9-0C155B906AC2}.Debug|Any CPU.Build.0 = Debug|Any CPU
		{75E2BE28-A440-4628-84A9-0C155B906AC2}.Release|Any CPU.ActiveCfg = Release|Any CPU
		{75E2BE28-A440-4628-84A9-0C155B906AC2}.Release|Any CPU.Build.0 = Release|Any CPU
	EndGlobalSection
	GlobalSection(SolutionProperties) = preSolution
		HideSolutionNode = FALSE
	EndGlobalSection
	GlobalSection(ExtensibilityGlobals) = postSolution
		SolutionGuid = {0B9C507F-88F4-458C-A44B-9A40CD545010}
	EndGlobalSection
EndGlobal
